// !$*UTF8*$!
{
	archiveVersion = 1;
	classes = {
	};
	objectVersion = 46;
	objects = {

/* Begin PBXBuildFile section */
		366DE0321B01E37800BDB5CC /* main.m in Sources */ = {isa = PBXBuildFile; fileRef = 366DE0311B01E37800BDB5CC /* main.m */; };
		366DE0351B01E37800BDB5CC /* AppDelegate.m in Sources */ = {isa = PBXBuildFile; fileRef = 366DE0341B01E37800BDB5CC /* AppDelegate.m */; };
		366DE0381B01E37800BDB5CC /* ViewController.m in Sources */ = {isa = PBXBuildFile; fileRef = 366DE0371B01E37800BDB5CC /* ViewController.m */; };
		366DE03B1B01E37800BDB5CC /* Main.storyboard in Resources */ = {isa = PBXBuildFile; fileRef = 366DE0391B01E37800BDB5CC /* Main.storyboard */; };
		366DE03D1B01E37800BDB5CC /* Images.xcassets in Resources */ = {isa = PBXBuildFile; fileRef = 366DE03C1B01E37800BDB5CC /* Images.xcassets */; };
		366DE0401B01E37800BDB5CC /* LaunchScreen.xib in Resources */ = {isa = PBXBuildFile; fileRef = 366DE03E1B01E37800BDB5CC /* LaunchScreen.xib */; };
		366DE04C1B01E37800BDB5CC /* imageDemoTests.m in Sources */ = {isa = PBXBuildFile; fileRef = 366DE04B1B01E37800BDB5CC /* imageDemoTests.m */; };
/* End PBXBuildFile section */

/* Begin PBXContainerItemProxy section */
		366DE0461B01E37800BDB5CC /* PBXContainerItemProxy */ = {
			isa = PBXContainerItemProxy;
			containerPortal = 366DE0241B01E37800BDB5CC /* Project object */;
			proxyType = 1;
			remoteGlobalIDString = 366DE02B1B01E37800BDB5CC;
			remoteInfo = imageDemo;
		};
/* End PBXContainerItemProxy section */

/* Begin PBXFileReference section */
		366DE02C1B01E37800BDB5CC /* imageDemo.app */ = {isa = PBXFileReference; explicitFileType = wrapper.application; includeInIndex = 0; path = imageDemo.app; sourceTree = BUILT_PRODUCTS_DIR; };
		366DE0301B01E37800BDB5CC /* Info.plist */ = {isa = PBXFileReference; lastKnownFileType = text.plist.xml; path = Info.plist; sourceTree = "<group>"; };
		366DE0311B01E37800BDB5CC /* main.m */ = {isa = PBXFileReference; lastKnownFileType = sourcecode.c.objc; path = main.m; sourceTree = "<group>"; };
		366DE0331B01E37800BDB5CC /* AppDelegate.h */ = {isa = PBXFileReference; lastKnownFileType = sourcecode.c.h; path = AppDelegate.h; sourceTree = "<group>"; };
		366DE0341B01E37800BDB5CC /* AppDelegate.m */ = {isa = PBXFileReference; lastKnownFileType = sourcecode.c.objc; path = AppDelegate.m; sourceTree = "<group>"; };
		366DE0361B01E37800BDB5CC /* ViewController.h */ = {isa = PBXFileReference; lastKnownFileType = sourcecode.c.h; path = ViewController.h; sourceTree = "<group>"; };
		366DE0371B01E37800BDB5CC /* ViewController.m */ = {isa = PBXFileReference; lastKnownFileType = sourcecode.c.objc; path = ViewController.m; sourceTree = "<group>"; };
		366DE03A1B01E37800BDB5CC /* Base */ = {isa = PBXFileReference; lastKnownFileType = file.storyboard; name = Base; path = Base.lproj/Main.storyboard; sourceTree = "<group>"; };
		366DE03C1B01E37800BDB5CC /* Images.xcassets */ = {isa = PBXFileReference; lastKnownFileType = folder.assetcatalog; path = Images.xcassets; sourceTree = "<group>"; };
		366DE03F1B01E37800BDB5CC /* Base */ = {isa = PBXFileReference; lastKnownFileType = file.xib; name = Base; path = Base.lproj/LaunchScreen.xib; sourceTree = "<group>"; };
		366DE0451B01E37800BDB5CC /* imageDemoTests.xctest */ = {isa = PBXFileReference; explicitFileType = wrapper.cfbundle; includeInIndex = 0; path = imageDemoTests.xctest; sourceTree = BUILT_PRODUCTS_DIR; };
		366DE04A1B01E37800BDB5CC /* Info.plist */ = {isa = PBXFileReference; lastKnownFileType = text.plist.xml; path = Info.plist; sourceTree = "<group>"; };
		366DE04B1B01E37800BDB5CC /* imageDemoTests.m */ = {isa = PBXFileReference; lastKnownFileType = sourcecode.c.objc; path = imageDemoTests.m; sourceTree = "<group>"; };
/* End PBXFileReference section */

/* Begin PBXFrameworksBuildPhase section */
		366DE0291B01E37800BDB5CC /* Frameworks */ = {
			isa = PBXFrameworksBuildPhase;
			buildActionMask = 2147483647;
			files = (
			);
			runOnlyForDeploymentPostprocessing = 0;
		};
		366DE0421B01E37800BDB5CC /* Frameworks */ = {
			isa = PBXFrameworksBuildPhase;
			buildActionMask = 2147483647;
			files = (
			);
			runOnlyForDeploymentPostprocessing = 0;
		};
/* End PBXFrameworksBuildPhase section */

/* Begin PBXGroup section */
		366DE0231B01E37800BDB5CC = {
			isa = PBXGroup;
			children = (
				366DE02E1B01E37800BDB5CC /* imageDemo */,
				366DE0481B01E37800BDB5CC /* imageDemoTests */,
				366DE02D1B01E37800BDB5CC /* Products */,
			);
			sourceTree = "<group>";
		};
		366DE02D1B01E37800BDB5CC /* Products */ = {
			isa = PBXGroup;
			children = (
				366DE02C1B01E37800BDB5CC /* imageDemo.app */,
				366DE0451B01E37800BDB5CC /* imageDemoTests.xctest */,
			);
			name = Products;
			sourceTree = "<group>";
		};
		366DE02E1B01E37800BDB5CC /* imageDemo */ = {
			isa = PBXGroup;
			children = (
				366DE0331B01E37800BDB5CC /* AppDelegate.h */,
				366DE0341B01E37800BDB5CC /* AppDelegate.m */,
				366DE0361B01E37800BDB5CC /* ViewController.h */,
				366DE0371B01E37800BDB5CC /* ViewController.m */,
				366DE0391B01E37800BDB5CC /* Main.storyboard */,
				366DE03C1B01E37800BDB5CC /* Images.xcassets */,
				366DE03E1B01E37800BDB5CC /* LaunchScreen.xib */,
				366DE02F1B01E37800BDB5CC /* Supporting Files */,
			);
			path = imageDemo;
			sourceTree = "<group>";
		};
		366DE02F1B01E37800BDB5CC /* Supporting Files */ = {
			isa = PBXGroup;
			children = (
				366DE0301B01E37800BDB5CC /* Info.plist */,
				366DE0311B01E37800BDB5CC /* main.m */,
			);
			name = "Supporting Files";
			sourceTree = "<group>";
		};
		366DE0481B01E37800BDB5CC /* imageDemoTests */ = {
			isa = PBXGroup;
			children = (
				366DE04B1B01E37800BDB5CC /* imageDemoTests.m */,
				366DE0491B01E37800BDB5CC /* Supporting Files */,
			);
			path = imageDemoTests;
			sourceTree = "<group>";
		};
		366DE0491B01E37800BDB5CC /* Supporting Files */ = {
			isa = PBXGroup;
			children = (
				366DE04A1B01E37800BDB5CC /* Info.plist */,
			);
			name = "Supporting Files";
			sourceTree = "<group>";
		};
/* End PBXGroup section */

/* Begin PBXNativeTarget section */
		366DE02B1B01E37800BDB5CC /* imageDemo */ = {
			isa = PBXNativeTarget;
			buildConfigurationList = 366DE04F1B01E37800BDB5CC /* Build configuration list for PBXNativeTarget "imageDemo" */;
			buildPhases = (
				366DE0281B01E37800BDB5CC /* Sources */,
				366DE0291B01E37800BDB5CC /* Frameworks */,
				366DE02A1B01E37800BDB5CC /* Resources */,
			);
			buildRules = (
			);
			dependencies = (
			);
			name = imageDemo;
			productName = imageDemo;
			productReference = 366DE02C1B01E37800BDB5CC /* imageDemo.app */;
			productType = "com.apple.product-type.application";
		};
		366DE0441B01E37800BDB5CC /* imageDemoTests */ = {
			isa = PBXNativeTarget;
			buildConfigurationList = 366DE0521B01E37800BDB5CC /* Build configuration list for PBXNativeTarget "imageDemoTests" */;
			buildPhases = (
				366DE0411B01E37800BDB5CC /* Sources */,
				366DE0421B01E37800BDB5CC /* Frameworks */,
				366DE0431B01E37800BDB5CC /* Resources */,
			);
			buildRules = (
			);
			dependencies = (
				366DE0471B01E37800BDB5CC /* PBXTargetDependency */,
			);
			name = imageDemoTests;
			productName = imageDemoTests;
			productReference = 366DE0451B01E37800BDB5CC /* imageDemoTests.xctest */;
			productType = "com.apple.product-type.bundle.unit-test";
		};
/* End PBXNativeTarget section */

/* Begin PBXProject section */
		366DE0241B01E37800BDB5CC /* Project object */ = {
			isa = PBXProject;
			attributes = {
				LastUpgradeCheck = 0630;
				ORGANIZATIONNAME = future;
				TargetAttributes = {
					366DE02B1B01E37800BDB5CC = {
						CreatedOnToolsVersion = 6.3.1;
					};
					366DE0441B01E37800BDB5CC = {
						CreatedOnToolsVersion = 6.3.1;
						TestTargetID = 366DE02B1B01E37800BDB5CC;
					};
				};
			};
			buildConfigurationList = 366DE0271B01E37800BDB5CC /* Build configuration list for PBXProject "imageDemo" */;
			compatibilityVersion = "Xcode 3.2";
			developmentRegion = English;
			hasScannedForEncodings = 0;
			knownRegions = (
				en,
				Base,
			);
			mainGroup = 366DE0231B01E37800BDB5CC;
			productRefGroup = 366DE02D1B01E37800BDB5CC /* Products */;
			projectDirPath = "";
			projectRoot = "";
			targets = (
				366DE02B1B01E37800BDB5CC /* imageDemo */,
				366DE0441B01E37800BDB5CC /* imageDemoTests */,
			);
		};
/* End PBXProject section */

/* Begin PBXResourcesBuildPhase section */
		366DE02A1B01E37800BDB5CC /* Resources */ = {
			isa = PBXResourcesBuildPhase;
			buildActionMask = 2147483647;
			files = (
				366DE03B1B01E37800BDB5CC /* Main.storyboard in Resources */,
				366DE0401B01E37800BDB5CC /* LaunchScreen.xib in Resources */,
				366DE03D1B01E37800BDB5CC /* Images.xcassets in Resources */,
			);
			runOnlyForDeploymentPostprocessing = 0;
		};
		366DE0431B01E37800BDB5CC /* Resources */ = {
			isa = PBXResourcesBuildPhase;
			buildActionMask = 2147483647;
			files = (
			);
			runOnlyForDeploymentPostprocessing = 0;
		};
/* End PBXResourcesBuildPhase section */

/* Begin PBXSourcesBuildPhase section */
		366DE0281B01E37800BDB5CC /* Sources */ = {
			isa = PBXSourcesBuildPhase;
			buildActionMask = 2147483647;
			files = (
				366DE0381B01E37800BDB5CC /* ViewController.m in Sources */,
				366DE0351B01E37800BDB5CC /* AppDelegate.m in Sources */,
				366DE0321B01E37800BDB5CC /* main.m in Sources */,
			);
			runOnlyForDeploymentPostprocessing = 0;
		};
		366DE0411B01E37800BDB5CC /* Sources */ = {
			isa = PBXSourcesBuildPhase;
			buildActionMask = 2147483647;
			files = (
				366DE04C1B01E37800BDB5CC /* imageDemoTests.m in Sources */,
			);
			runOnlyForDeploymentPostprocessing = 0;
		};
/* End PBXSourcesBuildPhase section */

/* Begin PBXTargetDependency section */
		366DE0471B01E37800BDB5CC /* PBXTargetDependency */ = {
			isa = PBXTargetDependency;
			target = 366DE02B1B01E37800BDB5CC /* imageDemo */;
			targetProxy = 366DE0461B01E37800BDB5CC /* PBXContainerItemProxy */;
		};
/* End PBXTargetDependency section */

/* Begin PBXVariantGroup section */
		366DE0391B01E37800BDB5CC /* Main.storyboard */ = {
			isa = PBXVariantGroup;
			children = (
				366DE03A1B01E37800BDB5CC /* Base */,
			);
			name = Main.storyboard;
			sourceTree = "<group>";
		};
		366DE03E1B01E37800BDB5CC /* LaunchScreen.xib */ = {
			isa = PBXVariantGroup;
			children = (
				366DE03F1B01E37800BDB5CC /* Base */,
			);
			name = LaunchScreen.xib;
			sourceTree = "<group>";
		};
/* End PBXVariantGroup section */

/* Begin XCBuildConfiguration section */
		366DE04D1B01E37800BDB5CC /* Debug */ = {
			isa = XCBuildConfiguration;
			buildSettings = {
				ALWAYS_SEARCH_USER_PATHS = NO;
				CLANG_CXX_LANGUAGE_STANDARD = "gnu++0x";
				CLANG_CXX_LIBRARY = "libc++";
				CLANG_ENABLE_MODULES = YES;
				CLANG_ENABLE_OBJC_ARC = YES;
				CLANG_WARN_BOOL_CONVERSION = YES;
				CLANG_WARN_CONSTANT_CONVERSION = YES;
				CLANG_WARN_DIRECT_OBJC_ISA_USAGE = YES_ERROR;
				CLANG_WARN_EMPTY_BODY = YES;
				CLANG_WARN_ENUM_CONVERSION = YES;
				CLANG_WARN_INT_CONVERSION = YES;
				CLANG_WARN_OBJC_ROOT_CLASS = YES_ERROR;
				CLANG_WARN_UNREACHABLE_CODE = YES;
				CLANG_WARN__DUPLICATE_METHOD_MATCH = YES;
				"CODE_SIGN_IDENTITY[sdk=iphoneos*]" = "iPhone Developer";
				COPY_PHASE_STRIP = NO;
				DEBUG_INFORMATION_FORMAT = "dwarf-with-dsym";
				ENABLE_STRICT_OBJC_MSGSEND = YES;
				GCC_C_LANGUAGE_STANDARD = gnu99;
				GCC_DYNAMIC_NO_PIC = NO;
				GCC_NO_COMMON_BLOCKS = YES;
				GCC_OPTIMIZATION_LEVEL = 0;
				GCC_PREPROCESSOR_DEFINITIONS = (
					"DEBUG=1",
					"$(inherited)",
				);
				GCC_SYMBOLS_PRIVATE_EXTERN = NO;
				GCC_WARN_64_TO_32_BIT_CONVERSION = YES;
				GCC_WARN_ABOUT_RETURN_TYPE = YES_ERROR;
				GCC_WARN_UNDECLARED_SELECTOR = YES;
				GCC_WARN_UNINITIALIZED_AUTOS = YES_AGGRESSIVE;
				GCC_WARN_UNUSED_FUNCTION = YES;
				GCC_WARN_UNUSED_VARIABLE = YES;
				IPHONEOS_DEPLOYMENT_TARGET = 8.3;
				MTL_ENABLE_DEBUG_INFO = YES;
				ONLY_ACTIVE_ARCH = YES;
				SDKROOT = iphoneos;
			};
			name = Debug;
		};
		366DE04E1B01E37800BDB5CC /* Release */ = {
			isa = XCBuildConfiguration;
			buildSettings = {
				ALWAYS_SEARCH_USER_PATHS = NO;
				CLANG_CXX_LANGUAGE_STANDARD = "gnu++0x";
				CLANG_CXX_LIBRARY = "libc++";
				CLANG_ENABLE_MODULES = YES;
				CLANG_ENABLE_OBJC_ARC = YES;
				CLANG_WARN_BOOL_CONVERSION = YES;
				CLANG_WARN_CONSTANT_CONVERSION = YES;
				CLANG_WARN_DIRECT_OBJC_ISA_USAGE = YES_ERROR;
				CLANG_WARN_EMPTY_BODY = YES;
				CLANG_WARN_ENUM_CONVERSION = YES;
				CLANG_WARN_INT_CONVERSION = YES;
				CLANG_WARN_OBJC_ROOT_CLASS = YES_ERROR;
				CLANG_WARN_UNREACHABLE_CODE = YES;
				CLANG_WARN__DUPLICATE_METHOD_MATCH = YES;
				"CODE_SIGN_IDENTITY[sdk=iphoneos*]" = "iPhone Developer";
				COPY_PHASE_STRIP = NO;
				DEBUG_INFORMATION_FORMAT = "dwarf-with-dsym";
				ENABLE_NS_ASSERTIONS = NO;
				ENABLE_STRICT_OBJC_MSGSEND = YES;
				GCC_C_LANGUAGE_STANDARD = gnu99;
				GCC_NO_COMMON_BLOCKS = YES;
				GCC_WARN_64_TO_32_BIT_CONVERSION = YES;
				GCC_WARN_ABOUT_RETURN_TYPE = YES_ERROR;
				GCC_WARN_UNDECLARED_SELECTOR = YES;
				GCC_WARN_UNINITIALIZED_AUTOS = YES_AGGRESSIVE;
				GCC_WARN_UNUSED_FUNCTION = YES;
				GCC_WARN_UNUSED_VARIABLE = YES;
				IPHONEOS_DEPLOYMENT_TARGET = 8.3;
				MTL_ENABLE_DEBUG_INFO = NO;
				SDKROOT = iphoneos;
				VALIDATE_PRODUCT = YES;
			};
			name = Release;
		};
		366DE0501B01E37800BDB5CC /* Debug */ = {
			isa = XCBuildConfiguration;
			buildSettings = {
				ASSETCATALOG_COMPILER_APPICON_NAME = AppIcon;
				INFOPLIST_FILE = imageDemo/Info.plist;
				LD_RUNPATH_SEARCH_PATHS = "$(inherited) @executable_path/Frameworks";
				PRODUCT_NAME = "$(TARGET_NAME)";
			};
			name = Debug;
		};
		366DE0511B01E37800BDB5CC /* Release */ = {
			isa = XCBuildConfiguration;
			buildSettings = {
				ASSETCATALOG_COMPILER_APPICON_NAME = AppIcon;
				INFOPLIST_FILE = imageDemo/Info.plist;
				LD_RUNPATH_SEARCH_PATHS = "$(inherited) @executable_path/Frameworks";
				PRODUCT_NAME = "$(TARGET_NAME)";
			};
			name = Release;
		};
		366DE0531B01E37800BDB5CC /* Debug */ = {
			isa = XCBuildConfiguration;
			buildSettings = {
				BUNDLE_LOADER = "$(TEST_HOST)";
				FRAMEWORK_SEARCH_PATHS = (
					"$(SDKROOT)/Developer/Library/Frameworks",
					"$(inherited)",
				);
				GCC_PREPROCESSOR_DEFINITIONS = (
					"DEBUG=1",
					"$(inherited)",
				);
				INFOPLIST_FILE = imageDemoTests/Info.plist;
				LD_RUNPATH_SEARCH_PATHS = "$(inherited) @executable_path/Frameworks @loader_path/Frameworks";
				PRODUCT_NAME = "$(TARGET_NAME)";
				TEST_HOST = "$(BUILT_PRODUCTS_DIR)/imageDemo.app/imageDemo";
			};
			name = Debug;
		};
		366DE0541B01E37800BDB5CC /* Release */ = {
			isa = XCBuildConfiguration;
			buildSettings = {
				BUNDLE_LOADER = "$(TEST_HOST)";
				FRAMEWORK_SEARCH_PATHS = (
					"$(SDKROOT)/Developer/Library/Frameworks",
					"$(inherited)",
				);
				INFOPLIST_FILE = imageDemoTests/Info.plist;
				LD_RUNPATH_SEARCH_PATHS = "$(inherited) @executable_path/Frameworks @loader_path/Frameworks";
				PRODUCT_NAME = "$(TARGET_NAME)";
				TEST_HOST = "$(BUILT_PRODUCTS_DIR)/imageDemo.app/imageDemo";
			};
			name = Release;
		};
/* End XCBuildConfiguration section */

/* Begin XCConfigurationList section */
		366DE0271B01E37800BDB5CC /* Build configuration list for PBXProject "imageDemo" */ = {
			isa = XCConfigurationList;
			buildConfigurations = (
				366DE04D1B01E37800BDB5CC /* Debug */,
				366DE04E1B01E37800BDB5CC /* Release */,
			);
			defaultConfigurationIsVisible = 0;
			defaultConfigurationName = Release;
		};
		366DE04F1B01E37800BDB5CC /* Build configuration list for PBXNativeTarget "imageDemo" */ = {
			isa = XCConfigurationList;
			buildConfigurations = (
				366DE0501B01E37800BDB5CC /* Debug */,
				366DE0511B01E37800BDB5CC /* Release */,
			);
			defaultConfigurationIsVisible = 0;
		};
		366DE0521B01E37800BDB5CC /* Build configuration list for PBXNativeTarget "imageDemoTests" */ = {
			isa = XCConfigurationList;
			buildConfigurations = (
				366DE0531B01E37800BDB5CC /* Debug */,
				366DE0541B01E37800BDB5CC /* Release */,
			);
			defaultConfigurationIsVisible = 0;
		};
/* End XCConfigurationList section */
	};
	rootObject = 366DE0241B01E37800BDB5CC /* Project object */;
}
